
Microsoft Visual Studio Solution File, Format Version 12.00
# Visual Studio 2012
Project("{8BC9CEB8-8B4A-11D0-8D11-00A0C91BC942}") = "PairWithGivenSum", "PairWithGivenSum.vcxproj", "{5C5F3823-2E36-4CE4-A43A-784F6BCD6455}"
EndProject
Project("{8BC9CEB8-8B4A-11D0-8D11-00A0C91BC942}") = "MajorityElement", "..\MajorityElement\MajorityElement.vcxproj", "{FA4C42B6-F85E-4D28-85EA-137D186279D7}"
EndProject
Project("{8BC9CEB8-8B4A-11D0-8D11-00A0C91BC942}") = "RotatedBinarySearch", "..\RotatedBinarySearch\RotatedBinarySearch.vcxproj", "{14FFC0C7-F00A-4ECC-A427-E34C09A6FA47}"
EndProject
Project("{8BC9CEB8-8B4A-11D0-8D11-00A0C91BC942}") = "MedianOfSortedArrays", "..\MedianOfSortedArrays\MedianOfSortedArrays.vcxproj", "{8DB02931-BBC4-4A0A-846B-64AB4584E72A}"
EndProject
Global
	GlobalSection(SolutionConfigurationPlatforms) = preSolution
		Debug|Win32 = Debug|Win32
		Release|Win32 = Release|Win32
	EndGlobalSection
	GlobalSection(ProjectConfigurationPlatforms) = postSolution
		{5C5F3823-2E36-4CE4-A43A-784F6BCD6455}.Debug|Win32.ActiveCfg = Debug|Win32
		{5C5F3823-2E36-4CE4-A43A-784F6BCD6455}.Debug|Win32.Build.0 = Debug|Win32
		{5C5F3823-2E36-4CE4-A43A-784F6BCD6455}.Release|Win32.ActiveCfg = Release|Win32
		{5C5F3823-2E36-4CE4-A43A-784F6BCD6455}.Release|Win32.Build.0 = Release|Win32
		{FA4C42B6-F85E-4D28-85EA-137D186279D7}.Debug|Win32.ActiveCfg = Debug|Win32
		{FA4C42B6-F85E-4D28-85EA-137D186279D7}.Debug|Win32.Build.0 = Debug|Win32
		{FA4C42B6-F85E-4D28-85EA-137D186279D7}.Release|Win32.ActiveCfg = Release|Win32
		{FA4C42B6-F85E-4D28-85EA-137D186279D7}.Release|Win32.Build.0 = Release|Win32
		{14FFC0C7-F00A-4ECC-A427-E34C09A6FA47}.Debug|Win32.ActiveCfg = Debug|Win32
		{14FFC0C7-F00A-4ECC-A427-E34C09A6FA47}.Debug|Win32.Build.0 = Debug|Win32
		{14FFC0C7-F00A-4ECC-A427-E34C09A6FA47}.Release|Win32.ActiveCfg = Release|Win32
		{14FFC0C7-F00A-4ECC-A427-E34C09A6FA47}.Release|Win32.Build.0 = Release|Win32
		{8DB02931-BBC4-4A0A-846B-64AB4584E72A}.Debug|Win32.ActiveCfg = Debug|Win32
		{8DB02931-BBC4-4A0A-846B-64AB4584E72A}.Debug|Win32.Build.0 = Debug|Win32
		{8DB02931-BBC4-4A0A-846B-64AB4584E72A}.Release|Win32.ActiveCfg = Release|Win32
		{8DB02931-BBC4-4A0A-846B-64AB4584E72A}.Release|Win32.Build.0 = Release|Win32
	EndGlobalSection
	GlobalSection(SolutionProperties) = preSolution
		HideSolutionNode = FALSE
	EndGlobalSection
EndGlobal
